# THIS IS AN AUTOGENERATED FILE. DO NOT EDIT THIS FILE DIRECTLY.
# yarn lockfile v1


"@hapi/address@2.x.x":
  version "2.0.0"
  resolved "https://registry.yarnpkg.com/@hapi/address/-/address-2.0.0.tgz#9f05469c88cb2fd3dcd624776b54ee95c312126a"
  integrity sha512-mV6T0IYqb0xL1UALPFplXYQmR0twnXG0M6jUswpquqT2sD12BOiCiLy3EvMp/Fy7s3DZElC4/aPjEjo2jeZpvw==

"@hapi/hoek@6.x.x", "@hapi/hoek@^6.2.1":
  version "6.2.4"
  resolved "https://registry.yarnpkg.com/@hapi/hoek/-/hoek-6.2.4.tgz#4b95fbaccbfba90185690890bdf1a2fbbda10595"
  integrity sha512-HOJ20Kc93DkDVvjwHyHawPwPkX44sIrbXazAUDiUXaY2R9JwQGo2PhFfnQtdrsIe4igjG2fPgMra7NYw7qhy0A==

"@hapi/hoek@8.x.x":
  version "8.0.2"
  resolved "https://registry.yarnpkg.com/@hapi/hoek/-/hoek-8.0.2.tgz#f63a5ff00e891a4e7aa98f11119f9515c6672032"
  integrity sha512-O6o6mrV4P65vVccxymuruucb+GhP2zl9NLCG8OdoFRS8BEGw3vwpPp20wpAtpbQQxz1CEUtmxJGgWhjq1XA3qw==

"@hapi/joi@^15.0.3":
  version "15.1.0"
  resolved "https://registry.yarnpkg.com/@hapi/joi/-/joi-15.1.0.tgz#940cb749b5c55c26ab3b34ce362e82b6162c8e7a"
  integrity sha512-n6kaRQO8S+kepUTbXL9O/UOL788Odqs38/VOfoCrATDtTvyfiO3fgjlSRaNkHabpTLgM7qru9ifqXlXbXk8SeQ==
  dependencies:
    "@hapi/address" "2.x.x"
    "@hapi/hoek" "6.x.x"
    "@hapi/marker" "1.x.x"
    "@hapi/topo" "3.x.x"

"@hapi/marker@1.x.x":
  version "1.0.0"
  resolved "https://registry.yarnpkg.com/@hapi/marker/-/marker-1.0.0.tgz#65b0b2b01d1be06304886ce9b4b77b1bfb21a769"
  integrity sha512-JOfdekTXnJexfE8PyhZFyHvHjt81rBFSAbTIRAhF2vv/2Y1JzoKsGqxH/GpZJoF7aEfYok8JVcAHmSz1gkBieA==

"@hapi/topo@3.x.x":
  version "3.1.2"
  resolved "https://registry.yarnpkg.com/@hapi/topo/-/topo-3.1.2.tgz#57cc1317be1a8c5f47c124f9b0e3c49cd78424d2"
  integrity sha512-r+aumOqJ5QbD6aLPJWqVjMAPsx5pZKz+F5yPqXZ/WWG9JTtHbQqlzrJoknJ0iJxLj9vlXtmpSdjlkszseeG8OA==
  dependencies:
    "@hapi/hoek" "8.x.x"

amqplib@^0.5.1:
  version "0.5.3"
  resolved "https://registry.yarnpkg.com/amqplib/-/amqplib-0.5.3.tgz#7ccfc85d12ee7cd3c6dc861bb07f0648ec3d7193"
  integrity sha512-ZOdUhMxcF+u62rPI+hMtU1NBXSDFQ3eCJJrenamtdQ7YYwh7RZJHOIM1gonVbZ5PyVdYH4xqBPje9OYqk7fnqw==
  dependencies:
    bitsyntax "~0.1.0"
    bluebird "^3.5.2"
    buffer-more-ints "~1.0.0"
    readable-stream "1.x >=1.1.9"
    safe-buffer "~5.1.2"
    url-parse "~1.4.3"

amqpuri@^1.1.0:
  version "1.1.0"
  resolved "https://registry.yarnpkg.com/amqpuri/-/amqpuri-1.1.0.tgz#bf842df0e5095c303eb4f255539b2763b1b4062b"
  integrity sha1-v4Qt8OUJXDA+tPJVU5snY7G0Bis=
  dependencies:
    lodash.curry "^4.1.1"
    lodash.flowright "^3.5.0"
    lodash.pick "^4.4.0"

archy@^1.0.0:
  version "1.0.0"
  resolved "https://registry.yarnpkg.com/archy/-/archy-1.0.0.tgz#f9c8c13757cc1dd7bc379ac77b2c62a5c2868c40"
  integrity sha1-+cjBN1fMHde8N5rHeyxipcKGjEA=

backoff@~2.5.0:
  version "2.5.0"
  resolved "https://registry.yarnpkg.com/backoff/-/backoff-2.5.0.tgz#f616eda9d3e4b66b8ca7fca79f695722c5f8e26f"
  integrity sha1-9hbtqdPktmuMp/ynn2lXIsX44m8=
  dependencies:
    precond "0.2"

bitsyntax@~0.1.0:
  version "0.1.0"
  resolved "https://registry.yarnpkg.com/bitsyntax/-/bitsyntax-0.1.0.tgz#b0c59acef03505de5a2ed62a2f763c56ae1d6205"
  integrity sha512-ikAdCnrloKmFOugAfxWws89/fPc+nw0OOG1IzIE72uSOg/A3cYptKCjSUhDTuj7fhsJtzkzlv7l3b8PzRHLN0Q==
  dependencies:
    buffer-more-ints "~1.0.0"
    debug "~2.6.9"
    safe-buffer "~5.1.2"

bluebird@^3.5.0, bluebird@^3.5.2:
  version "3.5.5"
  resolved "https://registry.yarnpkg.com/bluebird/-/bluebird-3.5.5.tgz#a8d0afd73251effbbd5fe384a77d73003c17a71f"
  integrity sha512-5am6HnnfN+urzt4yfg7IgTbotDjIT/u8AJpEt0sIU9FtXfVeezXAPKswrG+xKUCOYAINpSdgZVDU6QFh+cuH3w==

boom@5.x.x:
  version "5.2.0"
  resolved "https://registry.yarnpkg.com/boom/-/boom-5.2.0.tgz#5dd9da6ee3a5f302077436290cb717d3f4a54e02"
  integrity sha512-Z5BTk6ZRe4tXXQlkqftmsAUANpXmuwlsF5Oov8ThoMbQRzdGTA1ngYRW160GexgOgjsFOKJz0LYhoNi+2AMBUw==
  dependencies:
    hoek "4.x.x"

buffer-more-ints@~1.0.0:
  version "1.0.0"
  resolved "https://registry.yarnpkg.com/buffer-more-ints/-/buffer-more-ints-1.0.0.tgz#ef4f8e2dddbad429ed3828a9c55d44f05c611422"
  integrity sha512-EMetuGFz5SLsT0QTnXzINh4Ksr+oo4i+UGTXEshiGCQWnsgSs7ZhJ8fzlwQ+OzEMs0MpDAMr1hxnblp5a4vcHg==

call-bind@^1.0.0:
  version "1.0.2"
  resolved "https://registry.yarnpkg.com/call-bind/-/call-bind-1.0.2.tgz#b1d4e89e688119c3c9a903ad30abb2f6a919be3c"
  integrity sha512-7O+FbCihrB5WGbFYesctwmTKae6rOiIzmz1icreWJ+0aA7LJfuqhEso2T9ncpcFtzMQtzXf2QGGueWJGTYsqrA==
  dependencies:
    function-bind "^1.1.1"
    get-intrinsic "^1.0.2"

core-util-is@~1.0.0:
  version "1.0.2"
  resolved "https://registry.yarnpkg.com/core-util-is/-/core-util-is-1.0.2.tgz#b5fd54220aa2bc5ab57aab7140c940754503c1a7"
  integrity sha1-tf1UIgqivFq1eqtxQMlAdUUDwac=

debug@~2.6.9:
  version "2.6.9"
  resolved "https://registry.yarnpkg.com/debug/-/debug-2.6.9.tgz#5d128515df134ff327e90a4c93f4e077a536341f"
  integrity sha512-bC7ElrdJaJnPbAP+1EotYvqZsb3ecl5wi6Bfi6BJTUcNowp6cvspg0jXznRTKDjm/E7AdgFBVeAPVMNcKGsHMA==
  dependencies:
    ms "2.0.0"

eraro@1.0:
  version "1.0.0"
  resolved "https://registry.yarnpkg.com/eraro/-/eraro-1.0.0.tgz#8a2167f0bc6f964200a2fcde7a386d2d5dbbf912"
  integrity sha512-JeEqKyNgOxZNji2otWWDCDu1sWqGkrIBBhoGQH0LrPZObccQW8CoD94xkOtpmmlHeY/frG8IwR+jeCS8SQA/Xw==
  dependencies:
    lodash "4.17"

eraro@^1.0.0, eraro@^1.1.0:
  version "1.1.0"
  resolved "https://registry.yarnpkg.com/eraro/-/eraro-1.1.0.tgz#f53674a14aba33e5cdd89d1a72adb5fc4ed29fcb"
  integrity sha512-Iniul1qlKYp4XHkf4H6+qGUkRYLjE6xwhIyZU6D5q5DiMgjU8uUBkOT9Y8856GkNPJ1Zw5GYN9bvER5HCN6alQ==
  dependencies:
    lodash "4"

function-bind@^1.1.1:
  version "1.1.1"
  resolved "https://registry.yarnpkg.com/function-bind/-/function-bind-1.1.1.tgz#a56899d3ea3c9bab874bb9773b7c5ede92f4895d"
  integrity sha512-yIovAzMX49sF8Yl58fSCWJ5svSLuaibPxXQJFLmBObTuCr0Mf1KiPopGM9NiFjiYBCbfaa2Fh6breQ6ANVTI0A==

gate-executor@^1.1.1:
  version "1.1.1"
  resolved "https://registry.yarnpkg.com/gate-executor/-/gate-executor-1.1.1.tgz#667f677284a0dbe86b6c48a0b4afe8c484812caf"
  integrity sha1-Zn9ncoSg2+hrbEigtK/oxISBLK8=

get-intrinsic@^1.0.2:
  version "1.1.3"
  resolved "https://registry.yarnpkg.com/get-intrinsic/-/get-intrinsic-1.1.3.tgz#063c84329ad93e83893c7f4f243ef63ffa351385"
  integrity sha512-QJVz1Tj7MS099PevUG5jvnt9tSkXN8K14dxQlikJuPt4uD9hHAHjLyLBiLR5zELelBdD9QNRAXZzsJx0WaDL9A==
  dependencies:
    function-bind "^1.1.1"
    has "^1.0.3"
    has-symbols "^1.0.3"

gex@0.3, gex@^0.3.0:
  version "0.3.0"
  resolved "https://registry.yarnpkg.com/gex/-/gex-0.3.0.tgz#217324ccd6e5c61d2485c913eb7614b21358b97f"
  integrity sha512-A1F2DMZUAnieFmVowt1QHcH7AJQZApRThR+z4C0GlzMGi6VYUAf9UvQdxODiCajGPGSRso86YJQ48E8+b5CBAQ==
  dependencies:
    lodash "4.17"

has-symbols@^1.0.3:
  version "1.0.3"
  resolved "https://registry.yarnpkg.com/has-symbols/-/has-symbols-1.0.3.tgz#bb7b2c4349251dce87b125f7bdf874aa7c8b39f8"
  integrity sha512-l3LCuF6MgDNwTDKkdYGEihYjt5pRPbEg46rtlmnSPlUbgmB8LOIrKJbYYFBSbnPaJexMKtiPO8hmeRjRz2Td+A==

has@^1.0.3:
  version "1.0.3"
  resolved "https://registry.yarnpkg.com/has/-/has-1.0.3.tgz#722d7cbfc1f6aa8241f16dd814e011e1f41e8796"
  integrity sha512-f2dvO0VU6Oej7RkWJGrehjbzMAjFp5/VKPp5tTpWIV4JHHZK1/BxbFRtf/siA2SWTe09caDmVtYYzWEIbBS4zw==
  dependencies:
    function-bind "^1.1.1"

hoek@4.x.x:
  version "4.2.1"
  resolved "https://registry.yarnpkg.com/hoek/-/hoek-4.2.1.tgz#9634502aa12c445dd5a7c5734b572bb8738aacbb"
  integrity sha512-QLg82fGkfnJ/4iy1xZ81/9SIJiq1NGFUMGs6ParyjBZr6jW2Ufj/snDqTHixNlHdPNwN2RLVD0Pi3igeK9+JfA==

inherits@~2.0.1, inherits@~2.0.3:
  version "2.0.4"
  resolved "https://registry.yarnpkg.com/inherits/-/inherits-2.0.4.tgz#0fa2c64f932917c3433a0ded55363aae37416b7c"
  integrity sha512-k/vGaX4/Yla3WzyMCvTQOXYeIHvqOKtnqBduzTHpzpQZzAskKMhZ2K+EnBiSM9zGSoIFeMpXKxa4dYeZIQqewQ==

isarray@0.0.1:
  version "0.0.1"
  resolved "https://registry.yarnpkg.com/isarray/-/isarray-0.0.1.tgz#8a18acfca9a8f4177e09abfc6038939b05d1eedf"
  integrity sha1-ihis/Kmo9Bd+Cav8YDiTmwXR7t8=

isarray@~1.0.0:
  version "1.0.0"
  resolved "https://registry.yarnpkg.com/isarray/-/isarray-1.0.0.tgz#bb935d48582cba168c06834957a54a3e07124f11"
  integrity sha1-u5NdSFgsuhaMBoNJV6VKPgcSTxE=

json-stringify-safe@^5.0.1:
  version "5.0.1"
  resolved "https://registry.yarnpkg.com/json-stringify-safe/-/json-stringify-safe-5.0.1.tgz#1296a2d58fd45f19a0f6ce01d65701e2c735b6eb"
  integrity sha1-Epai1Y/UXxmg9s4B1lcB4sc1tus=

jsonic@^0.3.0, jsonic@^0.3.1:
  version "0.3.1"
  resolved "https://registry.yarnpkg.com/jsonic/-/jsonic-0.3.1.tgz#da306185dc635b649ad934e3f6826188cad73bdb"
  integrity sha512-5Md4EK3vPAMvP2sXY6M3/vQEPeX3LxEQBJuF979uypddXjsUlEoAI9/Nojh8tbw+YU5FjMoqSElO6oyjrAuprw==

lodash.curry@^4.1.1:
  version "4.1.1"
  resolved "https://registry.yarnpkg.com/lodash.curry/-/lodash.curry-4.1.1.tgz#248e36072ede906501d75966200a86dab8b23170"
  integrity sha1-JI42By7ekGUB11lmIAqG2riyMXA=

lodash.flowright@^3.5.0:
  version "3.5.0"
  resolved "https://registry.yarnpkg.com/lodash.flowright/-/lodash.flowright-3.5.0.tgz#2b5fff399716d7e7dc5724fe9349f67065184d67"
  integrity sha1-K1//OZcW1+fcVyT+k0n2cGUYTWc=

lodash.pick@^4.4.0:
  version "4.4.0"
  resolved "https://registry.yarnpkg.com/lodash.pick/-/lodash.pick-4.4.0.tgz#52f05610fff9ded422611441ed1fc123a03001b3"
  integrity sha1-UvBWEP/53tQiYRRB7R/BI6AwAbM=

lodash@4, lodash@4.17, lodash@^4.17.11, lodash@^4.17.4:
  version "4.17.15"
  resolved "https://registry.yarnpkg.com/lodash/-/lodash-4.17.15.tgz#b447f6670a0455bbfeedd11392eff330ea097548"
  integrity sha512-8xOcRHvCjnocdS5cpwXQXVzmmh5e5+saE2QGoeQmbKmRS6J3VQppPOIt0MnmE+4xlZoumy0GPG0D0MVIQbNA1A==

lru-cache@^4.1.5:
  version "4.1.5"
  resolved "https://registry.yarnpkg.com/lru-cache/-/lru-cache-4.1.5.tgz#8bbe50ea85bed59bc9e33dcab8235ee9bcf443cd"
  integrity sha512-sWZlbEP2OsHNkXrMl5GYk/jKk70MBng6UU4YI/qGDYbgf6YbP4EvmqISbXCoJiRKs+1bSpFHVgQxvJ17F2li5g==
  dependencies:
    pseudomap "^1.0.2"
    yallist "^2.1.2"

minimist@^1.2.0:
  version "1.2.0"
  resolved "https://registry.yarnpkg.com/minimist/-/minimist-1.2.0.tgz#a35008b20f41383eec1fb914f4cd5df79a264284"
  integrity sha1-o1AIsg9BOD7sH7kU9M1d95omQoQ=

ms@2.0.0:
  version "2.0.0"
  resolved "https://registry.yarnpkg.com/ms/-/ms-2.0.0.tgz#5608aeadfc00be6c2901df5f9861788de0d597c8"
  integrity sha1-VgiurfwAvmwpAd9fmGF4jeDVl8g=

ndjson@^1.5.0:
  version "1.5.0"
  resolved "https://registry.yarnpkg.com/ndjson/-/ndjson-1.5.0.tgz#ae603b36b134bcec347b452422b0bf98d5832ec8"
  integrity sha1-rmA7NrE0vOw0e0UkIrC/mNWDLsg=
  dependencies:
    json-stringify-safe "^5.0.1"
    minimist "^1.2.0"
    split2 "^2.1.0"
    through2 "^2.0.3"

nid@^0.3.2:
  version "0.3.2"
  resolved "https://registry.yarnpkg.com/nid/-/nid-0.3.2.tgz#977a9318ed5c2a38edd66263f3eafd8143f2251a"
  integrity sha1-l3qTGO1cKjjt1mJj8+r9gUPyJRo=

norma@^0.4.1:
  version "0.4.1"
  resolved "https://registry.yarnpkg.com/norma/-/norma-0.4.1.tgz#0be2f05bba4c034c6ce5bac9844e1241699d6585"
  integrity sha512-BSnU+B35GzJgkEcNqiMIm79507Qg68O5L7gRVKATRSx17BHyDn0gVJsi3YzoANC1NbBoKRExwd3KsEZSUox63Q==
  dependencies:
    eraro "1.0"
    lodash "4.17"

object-inspect@^1.9.0:
  version "1.12.2"
  resolved "https://registry.yarnpkg.com/object-inspect/-/object-inspect-1.12.2.tgz#c0641f26394532f28ab8d796ab954e43c009a8ea"
  integrity sha512-z+cPxW0QGUp0mcqcsgQyLVRDoXFQbXOwBaqyF7VIgI4TWNQsDHrBpUQslRmIfAoYWdYzs6UlKJtB2XJpTaNSpQ==

optioner@^4.0.0:
  version "4.0.0"
  resolved "https://registry.yarnpkg.com/optioner/-/optioner-4.0.0.tgz#bb33e2878a55812bf0de100da126c2985b2dbb35"
  integrity sha512-W4ZdU+qyo9eg0D2xJh8+AHnZijLeHWGuosGY95VkfuZG5F39c78p64rtGUcrZG46MabG+TXD5Ih5TsfvwlM8WA==
  dependencies:
    "@hapi/hoek" "^6.2.1"
    "@hapi/joi" "^15.0.3"

ordu@^0.1.1:
  version "0.1.1"
  resolved "https://registry.yarnpkg.com/ordu/-/ordu-0.1.1.tgz#9c8109493693caf08299fca84c596aeb860baeaa"
  integrity sha1-nIEJSTaTyvCCmfyoTFlq64YLrqo=

patrun@^1.0.0:
  version "1.0.0"
  resolved "https://registry.yarnpkg.com/patrun/-/patrun-1.0.0.tgz#c50a2174e3e02afe7fbc35d16e658d21c66a1e66"
  integrity sha512-oemWSuxjb27nPkREl88BxZ2EFDFUKSPace+zYZjFKj2xFn6w/LgDFGptgQvme384As2gpEFIv4WMVE1cb9lDXQ==
  dependencies:
    gex "0.3"
    lodash "4.17"

precond@0.2:
  version "0.2.3"
  resolved "https://registry.yarnpkg.com/precond/-/precond-0.2.3.tgz#aa9591bcaa24923f1e0f4849d240f47efc1075ac"
  integrity sha1-qpWRvKokkj8eD0hJ0kD0fvwQdaw=

process-nextick-args@~2.0.0:
  version "2.0.1"
  resolved "https://registry.yarnpkg.com/process-nextick-args/-/process-nextick-args-2.0.1.tgz#7820d9b16120cc55ca9ae7792680ae7dba6d7fe2"
  integrity sha512-3ouUOpQhtgrbOa17J7+uxOTpITYWaGP7/AhoR3+A+/1e9skrzelGi/dXzEYyvbxubEF6Wn2ypscTKiKJFFn1ag==

pseudomap@^1.0.2:
  version "1.0.2"
  resolved "https://registry.yarnpkg.com/pseudomap/-/pseudomap-1.0.2.tgz#f052a28da70e618917ef0a8ac34c1ae5a68286b3"
  integrity sha1-8FKijacOYYkX7wqKw0wa5aaChrM=

qs@^6.5.2, qs@^6.7.0:
  version "6.11.0"
  resolved "https://registry.yarnpkg.com/qs/-/qs-6.11.0.tgz#fd0d963446f7a65e1367e01abd85429453f0c37a"
  integrity sha512-MvjoMCJwEarSbUYk5O+nmoSzSutSsTwF85zcHPQ9OrlFoZOYIjaqBAJIqIXjptyD5vThxGq52Xu/MaJzRkIk4Q==
  dependencies:
    side-channel "^1.0.4"

querystringify@^2.1.1:
  version "2.1.1"
  resolved "https://registry.yarnpkg.com/querystringify/-/querystringify-2.1.1.tgz#60e5a5fd64a7f8bfa4d2ab2ed6fdf4c85bad154e"
  integrity sha512-w7fLxIRCRT7U8Qu53jQnJyPkYZIaR4n5151KMfcJlO/A9397Wxb1amJvROTK6TOnp7PfoAmg/qXiNHI+08jRfA==

"readable-stream@1.x >=1.1.9":
  version "1.1.14"
  resolved "https://registry.yarnpkg.com/readable-stream/-/readable-stream-1.1.14.tgz#7cf4c54ef648e3813084c636dd2079e166c081d9"
  integrity sha1-fPTFTvZI44EwhMY23SB54WbAgdk=
  dependencies:
    core-util-is "~1.0.0"
    inherits "~2.0.1"
    isarray "0.0.1"
    string_decoder "~0.10.x"

readable-stream@~2.3.6:
  version "2.3.6"
  resolved "https://registry.yarnpkg.com/readable-stream/-/readable-stream-2.3.6.tgz#b11c27d88b8ff1fbe070643cf94b0c79ae1b0aaf"
  integrity sha512-tQtKA9WIAhBF3+VLAseyMqZeBjW0AHJoxOtYqSUZNJxauErmLbVm2FW1y+J/YA9dUrAC39ITejlZWhVIwawkKw==
  dependencies:
    core-util-is "~1.0.0"
    inherits "~2.0.3"
    isarray "~1.0.0"
    process-nextick-args "~2.0.0"
    safe-buffer "~5.1.1"
    string_decoder "~1.1.1"
    util-deprecate "~1.0.1"

reconnect-core@^1.3.0:
  version "1.3.0"
  resolved "https://registry.yarnpkg.com/reconnect-core/-/reconnect-core-1.3.0.tgz#fbae52919a7877d844e3246d01a2f26701c833c8"
  integrity sha1-+65SkZp4d9hE4yRtAaLyZwHIM8g=
  dependencies:
    backoff "~2.5.0"

requires-port@^1.0.0:
  version "1.0.0"
  resolved "https://registry.yarnpkg.com/requires-port/-/requires-port-1.0.0.tgz#925d2601d39ac485e091cf0da5c6e694dc3dcaff"
  integrity sha1-kl0mAdOaxIXgkc8NpcbmlNw9yv8=

rolling-stats@^0.1.1:
  version "0.1.1"
  resolved "https://registry.yarnpkg.com/rolling-stats/-/rolling-stats-0.1.1.tgz#cd5af774a8893b30a674832fa2f4abaa478cfc80"
  integrity sha1-zVr3dKiJOzCmdIMvovSrqkeM/IA=

safe-buffer@~5.1.0, safe-buffer@~5.1.1, safe-buffer@~5.1.2:
  version "5.1.2"
  resolved "https://registry.yarnpkg.com/safe-buffer/-/safe-buffer-5.1.2.tgz#991ec69d296e0313747d59bdfd2b745c35f8828d"
  integrity sha512-Gd2UZBJDkXlY7GbJxfsE8/nvKkUEU1G38c1siN6QP6a9PT9MmHB8GnpscSmMJSoF8LOIrt8ud/wPtojys4G6+g==

seneca-amqp-transport@2.2.0:
  version "2.2.0"
  resolved "https://registry.yarnpkg.com/seneca-amqp-transport/-/seneca-amqp-transport-2.2.0.tgz#efc263602e663ffd2d273c2a4b950c6616fec61c"
  integrity sha512-3hNQEc/pCZj9d5Qhjev90OIOHdncX1GKCdx7Cf8uKirA6R97Nizf/V2CcXLDsLQqvzvtc2G9sG3mnERasewpxA==
  dependencies:
    amqplib "^0.5.1"
    amqpuri "^1.1.0"
    bluebird "^3.5.0"
    jsonic "^0.3.0"
    lodash "^4.17.4"
    uuid "^3.1.0"

seneca-promise@1.1.2:
  version "1.1.2"
  resolved "https://registry.yarnpkg.com/seneca-promise/-/seneca-promise-1.1.2.tgz#6d99e621296419fd6d68ea3e5fe54486c84f0d7d"
  integrity sha512-PhPvyZWgRCZc1YW+QgVRoweF+JjtmEN1hEs4XdwbWtPjSqi0lMdMpTsT+Viero5d+dC61aKzeD5zq4NJ1VyPOw==

seneca-transport@^3.0.0:
  version "3.0.0"
  resolved "https://registry.yarnpkg.com/seneca-transport/-/seneca-transport-3.0.0.tgz#9598481a711339571fdddc5b219db2a1ead03a48"
  integrity sha512-W9td5m07WCXAsneUhsLNwy2aZhjFcETOhfy2HaJib6+2Lqnaa2HaFCaVjFE5vvc9DFJA6JWaNAnbqUR3hxYhCw==
  dependencies:
    eraro "^1.1.0"
    gex "^0.3.0"
    jsonic "^0.3.1"
    lodash "^4.17.11"
    lru-cache "^4.1.5"
    ndjson "^1.5.0"
    nid "^0.3.2"
    patrun "^1.0.0"
    qs "^6.5.2"
    reconnect-core "^1.3.0"
    wreck "^12.5.1"

seneca@3.11.0:
  version "3.11.0"
  resolved "https://registry.yarnpkg.com/seneca/-/seneca-3.11.0.tgz#0822e73c65dfe38a1eedbaece6068927a252ef59"
  integrity sha512-wya8QqTupS/KxGtA/FIsUfmpJoOqK//ZRDycbglqm969j0LdEU92QJ0ND5DkWiCaMbd9T1030wTljla2LXRVBw==
  dependencies:
    "@hapi/joi" "^15.0.3"
    archy "^1.0.0"
    eraro "^1.1.0"
    gate-executor "^1.1.1"
    gex "^0.3.0"
    json-stringify-safe "^5.0.1"
    jsonic "^0.3.1"
    lodash "^4.17.11"
    minimist "^1.2.0"
    nid "^0.3.2"
    norma "^0.4.1"
    optioner "^4.0.0"
    ordu "^0.1.1"
    patrun "^1.0.0"
    qs "^6.7.0"
    rolling-stats "^0.1.1"
    seneca-transport "^3.0.0"
    use-plugin "^5.0.0"
    wreck "^12"

side-channel@^1.0.4:
  version "1.0.4"
  resolved "https://registry.yarnpkg.com/side-channel/-/side-channel-1.0.4.tgz#efce5c8fdc104ee751b25c58d4290011fa5ea2cf"
  integrity sha512-q5XPytqFEIKHkGdiMIrY10mvLRvnQh42/+GoBlFW3b2LXLE2xxJpZFdm94we0BaoV3RwJyGqg5wS7epxTv0Zvw==
  dependencies:
    call-bind "^1.0.0"
    get-intrinsic "^1.0.2"
    object-inspect "^1.9.0"

split2@^2.1.0:
  version "2.2.0"
  resolved "https://registry.yarnpkg.com/split2/-/split2-2.2.0.tgz#186b2575bcf83e85b7d18465756238ee4ee42493"
  integrity sha512-RAb22TG39LhI31MbreBgIuKiIKhVsawfTgEGqKHTK87aG+ul/PB8Sqoi3I7kVdRWiCfrKxK3uo4/YUkpNvhPbw==
  dependencies:
    through2 "^2.0.2"

string_decoder@~0.10.x:
  version "0.10.31"
  resolved "https://registry.yarnpkg.com/string_decoder/-/string_decoder-0.10.31.tgz#62e203bc41766c6c28c9fc84301dab1c5310fa94"
  integrity sha1-YuIDvEF2bGwoyfyEMB2rHFMQ+pQ=

string_decoder@~1.1.1:
  version "1.1.1"
  resolved "https://registry.yarnpkg.com/string_decoder/-/string_decoder-1.1.1.tgz#9cf1611ba62685d7030ae9e4ba34149c3af03fc8"
  integrity sha512-n/ShnvDi6FHbbVfviro+WojiFzv+s8MPMHBczVePfUpDJLwoLT0ht1l4YwBCbi8pJAveEEdnkHyPyTP/mzRfwg==
  dependencies:
    safe-buffer "~5.1.0"

through2@^2.0.2, through2@^2.0.3:
  version "2.0.5"
  resolved "https://registry.yarnpkg.com/through2/-/through2-2.0.5.tgz#01c1e39eb31d07cb7d03a96a70823260b23132cd"
  integrity sha512-/mrRod8xqpA+IHSLyGCQ2s8SPHiCDEeQJSep1jqLYeEUClOFG2Qsh+4FU6G9VeqpZnGW/Su8LQGc4YKni5rYSQ==
  dependencies:
    readable-stream "~2.3.6"
    xtend "~4.0.1"

url-parse@~1.4.3:
  version "1.4.7"
  resolved "https://registry.yarnpkg.com/url-parse/-/url-parse-1.4.7.tgz#a8a83535e8c00a316e403a5db4ac1b9b853ae278"
  integrity sha512-d3uaVyzDB9tQoSXFvuSUNFibTd9zxd2bkVrDRvF5TmvWWQwqE4lgYJ5m+x1DbecWkw+LK4RNl2CU1hHuOKPVlg==
  dependencies:
    querystringify "^2.1.1"
    requires-port "^1.0.0"

use-plugin@^5.0.0:
  version "5.0.0"
  resolved "https://registry.yarnpkg.com/use-plugin/-/use-plugin-5.0.0.tgz#402a3975a9ec7350c5361848bf474971bb819726"
  integrity sha512-4QmSzc1gNt8Ccvkq4P1rC/W73FCdTWD7j7394ULOUMYcjWZlr12Lr2QgVzsjhNh1uuanLHzcR8U7lQ81AnIETw==
  dependencies:
    eraro "^1.0.0"
    nid "^0.3.2"
    norma "^0.4.1"
    optioner "^4.0.0"

util-deprecate@~1.0.1:
  version "1.0.2"
  resolved "https://registry.yarnpkg.com/util-deprecate/-/util-deprecate-1.0.2.tgz#450d4dc9fa70de732762fbd2d4a28981419a0ccf"
  integrity sha1-RQ1Nyfpw3nMnYvvS1KKJgUGaDM8=

uuid@^3.1.0:
  version "3.3.2"
  resolved "https://registry.yarnpkg.com/uuid/-/uuid-3.3.2.tgz#1b4af4955eb3077c501c23872fc6513811587131"
  integrity sha512-yXJmeNaw3DnnKAOKJE51sL/ZaYfWJRl1pK9dr19YFCu0ObS231AB1/LbqTKRAQ5kw8A90rA6fr4riOUpTZvQZA==

wreck@^12, wreck@^12.5.1:
  version "12.5.1"
  resolved "https://registry.yarnpkg.com/wreck/-/wreck-12.5.1.tgz#cd2ffce167449e1f0242ed9cf80552e20fb6902a"
  integrity sha512-l5DUGrc+yDyIflpty1x9XuMj1ehVjC/dTbF3/BasOO77xk0EdEa4M/DuOY8W88MQDAD0fEDqyjc8bkIMHd2E9A==
  dependencies:
    boom "5.x.x"
    hoek "4.x.x"

xtend@~4.0.1:
  version "4.0.2"
  resolved "https://registry.yarnpkg.com/xtend/-/xtend-4.0.2.tgz#bb72779f5fa465186b1f438f674fa347fdb5db54"
  integrity sha512-LKYU1iAXJXUgAXn9URjiu+MWhyUXHsvfp7mcuYm9dSUKK0/CjtrUwFAxD82/mCWbtLsGjFIad0wIsod4zrTAEQ==

yallist@^2.1.2:
  version "2.1.2"
  resolved "https://registry.yarnpkg.com/yallist/-/yallist-2.1.2.tgz#1c11f9218f076089a47dd512f93c6699a6a81d52"
  integrity sha1-HBH5IY8HYImkfdUS+TxmmaaoHVI=
